
Microsoft Visual Studio Solution File, Format Version 12.00
# Visual Studio Version 17
VisualStudioVersion = 17.0.31717.71
MinimumVisualStudioVersion = 10.0.40219.1
Project("{2150E333-8FDC-42A3-9474-1A3956D46DE8}") = "Frontend", "Frontend", "{2A7ECA28-11D8-4975-9C31-E97A585259C7}"
EndProject
Project("{2150E333-8FDC-42A3-9474-1A3956D46DE8}") = "Services", "Services", "{B9E70BA5-FC2A-446F-9296-28D6751B4E7E}"
EndProject
Project("{9A19103F-16F7-4668-BE54-9A1E7A4F7556}") = "Mango.Web", "Mango.Web\Mango.Web.csproj", "{2C0F5F58-259B-4DB9-BC3E-DA292D1B733D}"
EndProject
Project("{9A19103F-16F7-4668-BE54-9A1E7A4F7556}") = "Mango.Services.Products", "Mango.Services.Products\Mango.Services.Products.csproj", "{45B61D49-AC90-45ED-B026-38D08F14201A}"
EndProject
Project("{2150E333-8FDC-42A3-9474-1A3956D46DE8}") = "Solution Items", "Solution Items", "{071A2439-76F9-48C6-A3D1-707D644A1737}"
	ProjectSection(SolutionItems) = preProject
		.editorconfig = .editorconfig
	EndProjectSection
EndProject
Project("{9A19103F-16F7-4668-BE54-9A1E7A4F7556}") = "Mango.Services.Identity", "Mango.Services.Identity\Mango.Services.Identity.csproj", "{3259E2B3-81C1-478C-9241-9CE8E0F612F7}"
EndProject
Project("{9A19103F-16F7-4668-BE54-9A1E7A4F7556}") = "Mango.Services.Shopping", "Mango.Services.Shopping\Mango.Services.Shopping.csproj", "{D5CCDD49-B57D-4A7D-9D64-0F5DAB4A33A3}"
EndProject
Project("{9A19103F-16F7-4668-BE54-9A1E7A4F7556}") = "Mango.Services.Coupon", "Mango.Services.Coupon\Mango.Services.Coupon.csproj", "{5928E732-1ED8-4652-AD61-2ACA39C3B28F}"
EndProject
Project("{2150E333-8FDC-42A3-9474-1A3956D46DE8}") = "Integration", "Integration", "{4A4A7534-F9B2-481A-B888-C2C29BA58593}"
EndProject
Project("{9A19103F-16F7-4668-BE54-9A1E7A4F7556}") = "Mango.MessageBus", "Mango.MessageBus\Mango.MessageBus.csproj", "{5603D90E-01BC-40E9-8E78-B7ACF2CDBE93}"
EndProject
Project("{9A19103F-16F7-4668-BE54-9A1E7A4F7556}") = "Mango.Services.Orders", "Mango.Services.Orders\Mango.Services.Orders.csproj", "{EE344D5A-43A8-47AE-8B66-EBD02A107A30}"
EndProject
Project("{FAE04EC0-301F-11D3-BF4B-00C04F79EFBC}") = "PaymentProcessor", "Payments\PaymentProcessor\PaymentProcessor.csproj", "{F5B150B4-42C5-4287-BD4D-F10859698FD7}"
EndProject
Project("{FAE04EC0-301F-11D3-BF4B-00C04F79EFBC}") = "Mongo.Services.Payment", "Mongo.Services.Payment\Mongo.Services.Payment.csproj", "{93D20318-756F-4168-A24F-6BB4E19CE7AF}"
EndProject
Project("{FAE04EC0-301F-11D3-BF4B-00C04F79EFBC}") = "Mango.Services.Email", "Mango.Services.Email\Mango.Services.Email.csproj", "{8134F5F9-6AAE-45AD-957E-FF7C3E680CAA}"
EndProject
Project("{2150E333-8FDC-42A3-9474-1A3956D46DE8}") = "Gateway", "Gateway", "{6AA68F3E-9C06-4A3D-A93A-83CA370A851D}"
EndProject
Project("{FAE04EC0-301F-11D3-BF4B-00C04F79EFBC}") = "Mango.Ocelot.Gateway", "Mango.Ocelot.Gateway\Mango.Ocelot.Gateway.csproj", "{B7AC3305-1080-4BFB-88D7-42E164DB461B}"
EndProject
Global
	GlobalSection(SolutionConfigurationPlatforms) = preSolution
		Debug|Any CPU = Debug|Any CPU
		Release|Any CPU = Release|Any CPU
	EndGlobalSection
	GlobalSection(ProjectConfigurationPlatforms) = postSolution
		{2C0F5F58-259B-4DB9-BC3E-DA292D1B733D}.Debug|Any CPU.ActiveCfg = Debug|Any CPU
		{2C0F5F58-259B-4DB9-BC3E-DA292D1B733D}.Debug|Any CPU.Build.0 = Debug|Any CPU
		{2C0F5F58-259B-4DB9-BC3E-DA292D1B733D}.Release|Any CPU.ActiveCfg = Release|Any CPU
		{2C0F5F58-259B-4DB9-BC3E-DA292D1B733D}.Release|Any CPU.Build.0 = Release|Any CPU
		{45B61D49-AC90-45ED-B026-38D08F14201A}.Debug|Any CPU.ActiveCfg = Debug|Any CPU
		{45B61D49-AC90-45ED-B026-38D08F14201A}.Debug|Any CPU.Build.0 = Debug|Any CPU
		{45B61D49-AC90-45ED-B026-38D08F14201A}.Release|Any CPU.ActiveCfg = Release|Any CPU
		{45B61D49-AC90-45ED-B026-38D08F14201A}.Release|Any CPU.Build.0 = Release|Any CPU
		{3259E2B3-81C1-478C-9241-9CE8E0F612F7}.Debug|Any CPU.ActiveCfg = Debug|Any CPU
		{3259E2B3-81C1-478C-9241-9CE8E0F612F7}.Debug|Any CPU.Build.0 = Debug|Any CPU
		{3259E2B3-81C1-478C-9241-9CE8E0F612F7}.Release|Any CPU.ActiveCfg = Release|Any CPU
		{3259E2B3-81C1-478C-9241-9CE8E0F612F7}.Release|Any CPU.Build.0 = Release|Any CPU
		{D5CCDD49-B57D-4A7D-9D64-0F5DAB4A33A3}.Debug|Any CPU.ActiveCfg = Debug|Any CPU
		{D5CCDD49-B57D-4A7D-9D64-0F5DAB4A33A3}.Debug|Any CPU.Build.0 = Debug|Any CPU
		{D5CCDD49-B57D-4A7D-9D64-0F5DAB4A33A3}.Release|Any CPU.ActiveCfg = Release|Any CPU
		{D5CCDD49-B57D-4A7D-9D64-0F5DAB4A33A3}.Release|Any CPU.Build.0 = Release|Any CPU
		{5928E732-1ED8-4652-AD61-2ACA39C3B28F}.Debug|Any CPU.ActiveCfg = Debug|Any CPU
		{5928E732-1ED8-4652-AD61-2ACA39C3B28F}.Debug|Any CPU.Build.0 = Debug|Any CPU
		{5928E732-1ED8-4652-AD61-2ACA39C3B28F}.Release|Any CPU.ActiveCfg = Release|Any CPU
		{5928E732-1ED8-4652-AD61-2ACA39C3B28F}.Release|Any CPU.Build.0 = Release|Any CPU
		{5603D90E-01BC-40E9-8E78-B7ACF2CDBE93}.Debug|Any CPU.ActiveCfg = Debug|Any CPU
		{5603D90E-01BC-40E9-8E78-B7ACF2CDBE93}.Debug|Any CPU.Build.0 = Debug|Any CPU
		{5603D90E-01BC-40E9-8E78-B7ACF2CDBE93}.Release|Any CPU.ActiveCfg = Release|Any CPU
		{5603D90E-01BC-40E9-8E78-B7ACF2CDBE93}.Release|Any CPU.Build.0 = Release|Any CPU
		{EE344D5A-43A8-47AE-8B66-EBD02A107A30}.Debug|Any CPU.ActiveCfg = Debug|Any CPU
		{EE344D5A-43A8-47AE-8B66-EBD02A107A30}.Debug|Any CPU.Build.0 = Debug|Any CPU
		{EE344D5A-43A8-47AE-8B66-EBD02A107A30}.Release|Any CPU.ActiveCfg = Release|Any CPU
		{EE344D5A-43A8-47AE-8B66-EBD02A107A30}.Release|Any CPU.Build.0 = Release|Any CPU
		{F5B150B4-42C5-4287-BD4D-F10859698FD7}.Debug|Any CPU.ActiveCfg = Debug|Any CPU
		{F5B150B4-42C5-4287-BD4D-F10859698FD7}.Debug|Any CPU.Build.0 = Debug|Any CPU
		{F5B150B4-42C5-4287-BD4D-F10859698FD7}.Release|Any CPU.ActiveCfg = Release|Any CPU
		{F5B150B4-42C5-4287-BD4D-F10859698FD7}.Release|Any CPU.Build.0 = Release|Any CPU
		{93D20318-756F-4168-A24F-6BB4E19CE7AF}.Debug|Any CPU.ActiveCfg = Debug|Any CPU
		{93D20318-756F-4168-A24F-6BB4E19CE7AF}.Debug|Any CPU.Build.0 = Debug|Any CPU
		{93D20318-756F-4168-A24F-6BB4E19CE7AF}.Release|Any CPU.ActiveCfg = Release|Any CPU
		{93D20318-756F-4168-A24F-6BB4E19CE7AF}.Release|Any CPU.Build.0 = Release|Any CPU
		{8134F5F9-6AAE-45AD-957E-FF7C3E680CAA}.Debug|Any CPU.ActiveCfg = Debug|Any CPU
		{8134F5F9-6AAE-45AD-957E-FF7C3E680CAA}.Debug|Any CPU.Build.0 = Debug|Any CPU
		{8134F5F9-6AAE-45AD-957E-FF7C3E680CAA}.Release|Any CPU.ActiveCfg = Release|Any CPU
		{8134F5F9-6AAE-45AD-957E-FF7C3E680CAA}.Release|Any CPU.Build.0 = Release|Any CPU
		{B7AC3305-1080-4BFB-88D7-42E164DB461B}.Debug|Any CPU.ActiveCfg = Debug|Any CPU
		{B7AC3305-1080-4BFB-88D7-42E164DB461B}.Debug|Any CPU.Build.0 = Debug|Any CPU
		{B7AC3305-1080-4BFB-88D7-42E164DB461B}.Release|Any CPU.ActiveCfg = Release|Any CPU
		{B7AC3305-1080-4BFB-88D7-42E164DB461B}.Release|Any CPU.Build.0 = Release|Any CPU
	EndGlobalSection
	GlobalSection(SolutionProperties) = preSolution
		HideSolutionNode = FALSE
	EndGlobalSection
	GlobalSection(NestedProjects) = preSolution
		{2C0F5F58-259B-4DB9-BC3E-DA292D1B733D} = {2A7ECA28-11D8-4975-9C31-E97A585259C7}
		{45B61D49-AC90-45ED-B026-38D08F14201A} = {B9E70BA5-FC2A-446F-9296-28D6751B4E7E}
		{3259E2B3-81C1-478C-9241-9CE8E0F612F7} = {B9E70BA5-FC2A-446F-9296-28D6751B4E7E}
		{D5CCDD49-B57D-4A7D-9D64-0F5DAB4A33A3} = {B9E70BA5-FC2A-446F-9296-28D6751B4E7E}
		{5928E732-1ED8-4652-AD61-2ACA39C3B28F} = {B9E70BA5-FC2A-446F-9296-28D6751B4E7E}
		{5603D90E-01BC-40E9-8E78-B7ACF2CDBE93} = {4A4A7534-F9B2-481A-B888-C2C29BA58593}
		{EE344D5A-43A8-47AE-8B66-EBD02A107A30} = {B9E70BA5-FC2A-446F-9296-28D6751B4E7E}
		{F5B150B4-42C5-4287-BD4D-F10859698FD7} = {4A4A7534-F9B2-481A-B888-C2C29BA58593}
		{93D20318-756F-4168-A24F-6BB4E19CE7AF} = {B9E70BA5-FC2A-446F-9296-28D6751B4E7E}
		{8134F5F9-6AAE-45AD-957E-FF7C3E680CAA} = {B9E70BA5-FC2A-446F-9296-28D6751B4E7E}
		{B7AC3305-1080-4BFB-88D7-42E164DB461B} = {6AA68F3E-9C06-4A3D-A93A-83CA370A851D}
	EndGlobalSection
	GlobalSection(ExtensibilityGlobals) = postSolution
		SolutionGuid = {0BA0EE27-1FAC-4494-8B93-F63FEB1C8E6E}
	EndGlobalSection
EndGlobal
