
Microsoft Visual Studio Solution File, Format Version 12.00
# Visual Studio Version 17
VisualStudioVersion = 17.0.31717.71
MinimumVisualStudioVersion = 10.0.40219.1
Project("{2150E333-8FDC-42A3-9474-1A3956D46DE8}") = "Frontend", "Frontend", "{2A7ECA28-11D8-4975-9C31-E97A585259C7}"
EndProject
Project("{2150E333-8FDC-42A3-9474-1A3956D46DE8}") = "Services", "Services", "{B9E70BA5-FC2A-446F-9296-28D6751B4E7E}"
EndProject
Project("{9A19103F-16F7-4668-BE54-9A1E7A4F7556}") = "Mango.Web", "Mango.Web\Mango.Web.csproj", "{2C0F5F58-259B-4DB9-BC3E-DA292D1B733D}"
EndProject
Project("{9A19103F-16F7-4668-BE54-9A1E7A4F7556}") = "Mango.Services.Products", "Mango.Services.Products\Mango.Services.Products.csproj", "{45B61D49-AC90-45ED-B026-38D08F14201A}"
EndProject
Project("{2150E333-8FDC-42A3-9474-1A3956D46DE8}") = "Solution Items", "Solution Items", "{071A2439-76F9-48C6-A3D1-707D644A1737}"
	ProjectSection(SolutionItems) = preProject
		.editorconfig = .editorconfig
	EndProjectSection
EndProject
Project("{FAE04EC0-301F-11D3-BF4B-00C04F79EFBC}") = "Mango.Services.Identity", "Mango.Services.Identity\Mango.Services.Identity.csproj", "{3259E2B3-81C1-478C-9241-9CE8E0F612F7}"
EndProject
Project("{FAE04EC0-301F-11D3-BF4B-00C04F79EFBC}") = "Mango.Services.Shopping", "Mango.Services.Shopping\Mango.Services.Shopping.csproj", "{D5CCDD49-B57D-4A7D-9D64-0F5DAB4A33A3}"
EndProject
Global
	GlobalSection(SolutionConfigurationPlatforms) = preSolution
		Debug|Any CPU = Debug|Any CPU
		Release|Any CPU = Release|Any CPU
	EndGlobalSection
	GlobalSection(ProjectConfigurationPlatforms) = postSolution
		{2C0F5F58-259B-4DB9-BC3E-DA292D1B733D}.Debug|Any CPU.ActiveCfg = Debug|Any CPU
		{2C0F5F58-259B-4DB9-BC3E-DA292D1B733D}.Debug|Any CPU.Build.0 = Debug|Any CPU
		{2C0F5F58-259B-4DB9-BC3E-DA292D1B733D}.Release|Any CPU.ActiveCfg = Release|Any CPU
		{2C0F5F58-259B-4DB9-BC3E-DA292D1B733D}.Release|Any CPU.Build.0 = Release|Any CPU
		{45B61D49-AC90-45ED-B026-38D08F14201A}.Debug|Any CPU.ActiveCfg = Debug|Any CPU
		{45B61D49-AC90-45ED-B026-38D08F14201A}.Debug|Any CPU.Build.0 = Debug|Any CPU
		{45B61D49-AC90-45ED-B026-38D08F14201A}.Release|Any CPU.ActiveCfg = Release|Any CPU
		{45B61D49-AC90-45ED-B026-38D08F14201A}.Release|Any CPU.Build.0 = Release|Any CPU
		{3259E2B3-81C1-478C-9241-9CE8E0F612F7}.Debug|Any CPU.ActiveCfg = Debug|Any CPU
		{3259E2B3-81C1-478C-9241-9CE8E0F612F7}.Debug|Any CPU.Build.0 = Debug|Any CPU
		{3259E2B3-81C1-478C-9241-9CE8E0F612F7}.Release|Any CPU.ActiveCfg = Release|Any CPU
		{3259E2B3-81C1-478C-9241-9CE8E0F612F7}.Release|Any CPU.Build.0 = Release|Any CPU
		{D5CCDD49-B57D-4A7D-9D64-0F5DAB4A33A3}.Debug|Any CPU.ActiveCfg = Debug|Any CPU
		{D5CCDD49-B57D-4A7D-9D64-0F5DAB4A33A3}.Debug|Any CPU.Build.0 = Debug|Any CPU
		{D5CCDD49-B57D-4A7D-9D64-0F5DAB4A33A3}.Release|Any CPU.ActiveCfg = Release|Any CPU
		{D5CCDD49-B57D-4A7D-9D64-0F5DAB4A33A3}.Release|Any CPU.Build.0 = Release|Any CPU
	EndGlobalSection
	GlobalSection(SolutionProperties) = preSolution
		HideSolutionNode = FALSE
	EndGlobalSection
	GlobalSection(NestedProjects) = preSolution
		{2C0F5F58-259B-4DB9-BC3E-DA292D1B733D} = {2A7ECA28-11D8-4975-9C31-E97A585259C7}
		{45B61D49-AC90-45ED-B026-38D08F14201A} = {B9E70BA5-FC2A-446F-9296-28D6751B4E7E}
		{3259E2B3-81C1-478C-9241-9CE8E0F612F7} = {B9E70BA5-FC2A-446F-9296-28D6751B4E7E}
		{D5CCDD49-B57D-4A7D-9D64-0F5DAB4A33A3} = {B9E70BA5-FC2A-446F-9296-28D6751B4E7E}
	EndGlobalSection
	GlobalSection(ExtensibilityGlobals) = postSolution
		SolutionGuid = {0BA0EE27-1FAC-4494-8B93-F63FEB1C8E6E}
	EndGlobalSection
EndGlobal
